lockfileVersion: '9.0'

settings:
  autoInstallPeers: true
  excludeLinksFromLockfile: false

importers:

  .:
    dependencies:
      events:
        specifier: ^3.3.0
        version: 3.3.0
    devDependencies:
      '@types/events':
        specifier: ^3.0.3
        version: 3.0.3
      vue:
        specifier: 2.6.14
        version: 2.6.14

packages:

  '@types/events@3.0.3':
    resolution: {integrity: sha512-trOc4AAUThEz9hapPtSd7wf5tiQKvTtu5b371UxXdTuqzIh0ArcRspRP0i0Viu+LXstIQ1z96t1nsPxT9ol01g==}

  events@3.3.0:
    resolution: {integrity: sha1-Mala0Kkk4tLEGagTrrLE6HjqdAA=}
    engines: {node: '>=0.8.x'}

  vue@2.6.14:
    resolution: {integrity: sha1-5RqlJQJQ1Wmj+606ilpofWA24jU=}

snapshots:

  '@types/events@3.0.3': {}

  events@3.3.0: {}

  vue@2.6.14: {}
