# THIS IS AN AUTOGENERATED FILE. DO NOT EDIT THIS FILE DIRECTLY.
# yarn lockfile v1


"@babel/parser@^7.18.4":
  version "7.24.5"
  resolved "http://npm.fe.changbaops.com/@babel%2fparser/-/parser-7.24.5.tgz#4a4d5ab4315579e5398a82dcf636ca80c3392790"
  integrity sha512-EOv5IK8arwh3LI47dz1b0tKUb/1uhHAnHJOrjgtQMIpu1uXd9mlFrJg9IUgGUgZ41Ch0K8REPTYpO7B76b4vJg==

"@vue/compiler-sfc@2.7.2":
  version "2.7.2"
  resolved "http://npm.fe.changbaops.com/@vue%2fcompiler-sfc/-/compiler-sfc-2.7.2.tgz#15ec0a39c81dad831add7da45d28de37e75fa577"
  integrity sha512-khG5m63A4DSeHEOe5yyjHQY2TAE0pUXqKqxgauNUcFaa8M4+J55OWhagy8Bk8O6cO4GhKbQf2NDYzceijmOy8A==
  dependencies:
    "@babel/parser" "^7.18.4"
    postcss "^8.4.14"
    source-map "^0.6.1"

csstype@^3.1.0:
  version "3.1.3"
  resolved "http://npm.fe.changbaops.com/csstype/-/csstype-3.1.3.tgz#d80ff294d114fb0e6ac500fbf85b60137d7eff81"
  integrity sha512-M1uQkMl8rQK/szD0LNhtqxIPLpimGm8sOBwU7lLnCpSbTyY3yeU1Vc7l4KT5zT4s/yOxHH5O7tIuuLOCnLADRw==

nanoid@^3.3.7:
  version "3.3.7"
  resolved "http://npm.fe.changbaops.com/nanoid/-/nanoid-3.3.7.tgz#d0c301a691bc8d54efa0a2226ccf3fe2fd656bd8"
  integrity sha512-eSRppjcPIatRIMC1U6UngP8XFcz8MQWGQdt1MTBQ7NaAmvXDfvNxbvWV3x2y6CdEUciCSsDHDQZbhYaB8QEo2g==

picocolors@^1.0.0:
  version "1.0.0"
  resolved "http://npm.fe.changbaops.com/picocolors/-/picocolors-1.0.0.tgz#cb5bdc74ff3f51892236eaf79d68bc44564ab81c"
  integrity sha512-1fygroTLlHu66zi26VoTDv8yRgm0Fccecssto+MhsZ0D/DGW2sm8E8AjW7NU5VVTRt5GxbeZ5qBuJr+HyLYkjQ==

postcss@^8.4.14:
  version "8.4.38"
  resolved "http://npm.fe.changbaops.com/postcss/-/postcss-8.4.38.tgz#b387d533baf2054288e337066d81c6bee9db9e0e"
  integrity sha512-Wglpdk03BSfXkHoQa3b/oulrotAkwrlLDRSOb9D0bN86FdRyE9lppSp33aHNPgBa0JKCoB+drFLZkQoRRYae5A==
  dependencies:
    nanoid "^3.3.7"
    picocolors "^1.0.0"
    source-map-js "^1.2.0"

source-map-js@^1.2.0:
  version "1.2.0"
  resolved "http://npm.fe.changbaops.com/source-map-js/-/source-map-js-1.2.0.tgz#16b809c162517b5b8c3e7dcd315a2a5c2612b2af"
  integrity sha512-itJW8lvSA0TXEphiRoawsCksnlf8SyvmFzIhltqAHluXd88pkCd+cXJVHTDwdCr0IzwptSm035IHQktUu1QUMg==

source-map@^0.6.1:
  version "0.6.1"
  resolved "http://npm.fe.changbaops.com/source-map/-/source-map-0.6.1.tgz#74722af32e9614e9c287a8d0bbde48b5e2f1a263"
  integrity sha1-dHIq8y6WFOnCh6jQu95IteLxomM=

vue@2.7.2:
  version "2.7.2"
  resolved "http://npm.fe.changbaops.com/vue/-/vue-2.7.2.tgz#d42aba8d03c4e82d4b127f7b764a822cf19f9cdc"
  integrity sha512-fQPKEfdiUP4bDlrGEjI5MOTkC5s/XIbnfKAx0B3MxJHI4qwh8FPLSo8/9tFkgFiRH3HwvcHjZQ1tCTifOUH0tg==
  dependencies:
    "@vue/compiler-sfc" "2.7.2"
    csstype "^3.1.0"
